
Microsoft Visual Studio Solution File, Format Version 12.00
# Visual Studio Version 17
VisualStudioVersion = 17.0.32112.339
MinimumVisualStudioVersion = 10.0.40219.1
Project("{FAE04EC0-301F-11D3-BF4B-00C04F79EFBC}") = "FirstLess", "FirstLess\FirstLess.csproj", "{34268107-575D-4F5A-97FC-8A8D0970735D}"
EndProject
Global
	GlobalSection(SolutionConfigurationPlatforms) = preSolution
		Debug|Any CPU = Debug|Any CPU
		Release|Any CPU = Release|Any CPU
	EndGlobalSection
	GlobalSection(ProjectConfigurationPlatforms) = postSolution
		{34268107-575D-4F5A-97FC-8A8D0970735D}.Debug|Any CPU.ActiveCfg = Debug|Any CPU
		{34268107-575D-4F5A-97FC-8A8D0970735D}.Debug|Any CPU.Build.0 = Debug|Any CPU
		{34268107-575D-4F5A-97FC-8A8D0970735D}.Release|Any CPU.ActiveCfg = Release|Any CPU
		{34268107-575D-4F5A-97FC-8A8D0970735D}.Release|Any CPU.Build.0 = Release|Any CPU
	EndGlobalSection
	GlobalSection(SolutionProperties) = preSolution
		HideSolutionNode = FALSE
	EndGlobalSection
	GlobalSection(ExtensibilityGlobals) = postSolution
		SolutionGuid = {8D65B0BC-39F0-4EC8-9CF6-CD4DBBDE1575}
	EndGlobalSection
EndGlobal
